github.com/jdetok/golib v0.0.0-20251012233931-a7a95330bf05 h1:KwpL1YEdUXcVdrmwzysK6LExJtH0WQ9a6atgsUYkHQc=
github.com/jdetok/golib v0.0.0-20251012233931-a7a95330bf05/go.mod h1:n/TzNVPIaLhbXKE82pIIesDXgoPMi4Nc0c7z7vi6UpQ=
github.com/jdetok/golib v0.0.0-20251012234152-126de6f469ca h1:o7dNZ/MroZlEZO4Gw0/S46iOjyIM4ne+YXcBCIaoqvY=
github.com/jdetok/golib v0.0.0-20251012234152-126de6f469ca/go.mod h1:n/TzNVPIaLhbXKE82pIIesDXgoPMi4Nc0c7z7vi6UpQ=
github.com/jdetok/golib v0.0.0-20251012234256-f4b0ac68ba20 h1:k+p3vrP1M9u6Ho5qnmjTeTxL3n89UmqGVhvpeDBiDDg=
github.com/jdetok/golib v0.0.0-20251012234256-f4b0ac68ba20/go.mod h1:n/TzNVPIaLhbXKE82pIIesDXgoPMi4Nc0c7z7vi6UpQ=
github.com/jdetok/golib v0.0.0-20251013011651-58e3aed8c7e0 h1:Ka2Gb0QIjp61anfP0lvZvmQPxqWUxNE5rS6FEMKj7rA=
github.com/jdetok/golib v0.0.0-20251013011651-58e3aed8c7e0/go.mod h1:n/TzNVPIaLhbXKE82pIIesDXgoPMi4Nc0c7z7vi6UpQ=
github.com/jdetok/golib v0.0.0-20251013011948-a4f083e48fc8 h1:3wTCWadm1gMYmQnPOWxcEZ0EvD4GZ9rV84vTRsjlIWU=
github.com/jdetok/golib v0.0.0-20251013011948-a4f083e48fc8/go.mod h1:n/TzNVPIaLhbXKE82pIIesDXgoPMi4Nc0c7z7vi6UpQ=
github.com/jdetok/golib v0.0.0-20251013012233-17a16f6f508a h1:nHpnVcUdKLOZv6gxhIAZwpuqVqRPCsZK8MLkRie6KEg=
github.com/jdetok/golib v0.0.0-20251013012233-17a16f6f508a/go.mod h1:n/TzNVPIaLhbXKE82pIIesDXgoPMi4Nc0c7z7vi6UpQ=
github.com/jdetok/golib v0.0.0-20251013023740-922757a14fae h1:ehBHuqY9Lmag0wOoYvuD1FogOFcxRkhAvji+tIDni/Q=
github.com/jdetok/golib v0.0.0-20251013023740-922757a14fae/go.mod h1:n/TzNVPIaLhbXKE82pIIesDXgoPMi4Nc0c7z7vi6UpQ=
github.com/jdetok/golib v0.0.0-20251013165709-ffd9915c7d7c h1:kxguYOh0BMn3PANEXG0KLPHczskq8lDBLSLLlvuPVic=
github.com/jdetok/golib v0.0.0-20251013165709-ffd9915c7d7c/go.mod h1:n/TzNVPIaLhbXKE82pIIesDXgoPMi4Nc0c7z7vi6UpQ=
github.com/jdetok/golib v0.0.0-20251013170647-c818421e2360 h1:OaKmETI30NKYFHoeMecoDtoUyqwqnUba+UUeQx/sORg=
github.com/jdetok/golib v0.0.0-20251013170647-c818421e2360/go.mod h1:n/TzNVPIaLhbXKE82pIIesDXgoPMi4Nc0c7z7vi6UpQ=
github.com/joho/godotenv v1.5.1 h1:7eLL/+HRGLY0ldzfGMeQkb7vMd0as4CfYvUVzLqw0N0=
github.com/joho/godotenv v1.5.1/go.mod h1:f4LDr5Voq0i2e/R5DDNOoa2zzDfwtkZa6DnEwAbqwq4=
github.com/lib/pq v1.10.9 h1:YXG7RB+JIjhP29X+OtkiDnYaXQwpS4JEWq7dtCCRUEw=
github.com/lib/pq v1.10.9/go.mod h1:AlVN5x4E4T544tWzH6hKfbfQvm3HdbOxrmggDNAPY9o=
